
Microsoft Visual Studio Solution File, Format Version 12.00
# Visual Studio 15
VisualStudioVersion = 15.0.26124.0
MinimumVisualStudioVersion = 15.0.26124.0
Project("{2150E333-8FDC-42A3-9474-1A3956D46DE8}") = "src", "src", "{AD663BA2-B500-4A83-ABA5-945E5809C0B8}"
EndProject
Project("{FAE04EC0-301F-11D3-BF4B-00C04F79EFBC}") = "GradeBook", "src\GradeBook\GradeBook.csproj", "{F56AF8E6-F55F-44FE-ACE8-881762A4DA92}"
EndProject
Project("{2150E333-8FDC-42A3-9474-1A3956D46DE8}") = "test", "test", "{342ABBF9-A8D3-49EE-A979-F19EFF7FDF61}"
EndProject
Project("{FAE04EC0-301F-11D3-BF4B-00C04F79EFBC}") = "GradeBook.Tests", "test\GradeBook.Tests\GradeBook.Tests.csproj", "{559D930B-61C3-465C-B978-1AEEAF01D473}"
EndProject
Global
	GlobalSection(SolutionConfigurationPlatforms) = preSolution
		Debug|Any CPU = Debug|Any CPU
		Debug|x64 = Debug|x64
		Debug|x86 = Debug|x86
		Release|Any CPU = Release|Any CPU
		Release|x64 = Release|x64
		Release|x86 = Release|x86
	EndGlobalSection
	GlobalSection(SolutionProperties) = preSolution
		HideSolutionNode = FALSE
	EndGlobalSection
	GlobalSection(ProjectConfigurationPlatforms) = postSolution
		{F56AF8E6-F55F-44FE-ACE8-881762A4DA92}.Debug|Any CPU.ActiveCfg = Debug|Any CPU
		{F56AF8E6-F55F-44FE-ACE8-881762A4DA92}.Debug|Any CPU.Build.0 = Debug|Any CPU
		{F56AF8E6-F55F-44FE-ACE8-881762A4DA92}.Debug|x64.ActiveCfg = Debug|Any CPU
		{F56AF8E6-F55F-44FE-ACE8-881762A4DA92}.Debug|x64.Build.0 = Debug|Any CPU
		{F56AF8E6-F55F-44FE-ACE8-881762A4DA92}.Debug|x86.ActiveCfg = Debug|Any CPU
		{F56AF8E6-F55F-44FE-ACE8-881762A4DA92}.Debug|x86.Build.0 = Debug|Any CPU
		{F56AF8E6-F55F-44FE-ACE8-881762A4DA92}.Release|Any CPU.ActiveCfg = Release|Any CPU
		{F56AF8E6-F55F-44FE-ACE8-881762A4DA92}.Release|Any CPU.Build.0 = Release|Any CPU
		{F56AF8E6-F55F-44FE-ACE8-881762A4DA92}.Release|x64.ActiveCfg = Release|Any CPU
		{F56AF8E6-F55F-44FE-ACE8-881762A4DA92}.Release|x64.Build.0 = Release|Any CPU
		{F56AF8E6-F55F-44FE-ACE8-881762A4DA92}.Release|x86.ActiveCfg = Release|Any CPU
		{F56AF8E6-F55F-44FE-ACE8-881762A4DA92}.Release|x86.Build.0 = Release|Any CPU
		{559D930B-61C3-465C-B978-1AEEAF01D473}.Debug|Any CPU.ActiveCfg = Debug|Any CPU
		{559D930B-61C3-465C-B978-1AEEAF01D473}.Debug|Any CPU.Build.0 = Debug|Any CPU
		{559D930B-61C3-465C-B978-1AEEAF01D473}.Debug|x64.ActiveCfg = Debug|Any CPU
		{559D930B-61C3-465C-B978-1AEEAF01D473}.Debug|x64.Build.0 = Debug|Any CPU
		{559D930B-61C3-465C-B978-1AEEAF01D473}.Debug|x86.ActiveCfg = Debug|Any CPU
		{559D930B-61C3-465C-B978-1AEEAF01D473}.Debug|x86.Build.0 = Debug|Any CPU
		{559D930B-61C3-465C-B978-1AEEAF01D473}.Release|Any CPU.ActiveCfg = Release|Any CPU
		{559D930B-61C3-465C-B978-1AEEAF01D473}.Release|Any CPU.Build.0 = Release|Any CPU
		{559D930B-61C3-465C-B978-1AEEAF01D473}.Release|x64.ActiveCfg = Release|Any CPU
		{559D930B-61C3-465C-B978-1AEEAF01D473}.Release|x64.Build.0 = Release|Any CPU
		{559D930B-61C3-465C-B978-1AEEAF01D473}.Release|x86.ActiveCfg = Release|Any CPU
		{559D930B-61C3-465C-B978-1AEEAF01D473}.Release|x86.Build.0 = Release|Any CPU
	EndGlobalSection
	GlobalSection(NestedProjects) = preSolution
		{F56AF8E6-F55F-44FE-ACE8-881762A4DA92} = {AD663BA2-B500-4A83-ABA5-945E5809C0B8}
		{559D930B-61C3-465C-B978-1AEEAF01D473} = {342ABBF9-A8D3-49EE-A979-F19EFF7FDF61}
	EndGlobalSection
EndGlobal
